// !$*UTF8*$!
{
	archiveVersion = 1;
	classes = {
	};
	objectVersion = 46;
	objects = {

/* Begin PBXBuildFile section */
		DB76C7841D7DE43500F14AFA /* AppDelegate.swift in Sources */ = {isa = PBXBuildFile; fileRef = DB76C7831D7DE43500F14AFA /* AppDelegate.swift */; };
		DB76C7861D7DE43500F14AFA /* ViewController.swift in Sources */ = {isa = PBXBuildFile; fileRef = DB76C7851D7DE43500F14AFA /* ViewController.swift */; };
		DB76C7891D7DE43500F14AFA /* Main.storyboard in Resources */ = {isa = PBXBuildFile; fileRef = DB76C7871D7DE43500F14AFA /* Main.storyboard */; };
		DB76C78B1D7DE43500F14AFA /* Assets.xcassets in Resources */ = {isa = PBXBuildFile; fileRef = DB76C78A1D7DE43500F14AFA /* Assets.xcassets */; };
		DB76C78E1D7DE43500F14AFA /* LaunchScreen.storyboard in Resources */ = {isa = PBXBuildFile; fileRef = DB76C78C1D7DE43500F14AFA /* LaunchScreen.storyboard */; };
		DB76C7991D7DE43500F14AFA /* Veloci_metroTests.swift in Sources */ = {isa = PBXBuildFile; fileRef = DB76C7981D7DE43500F14AFA /* Veloci_metroTests.swift */; };
		DB76C7A41D7DE43500F14AFA /* Veloci_metroUITests.swift in Sources */ = {isa = PBXBuildFile; fileRef = DB76C7A31D7DE43500F14AFA /* Veloci_metroUITests.swift */; };
/* End PBXBuildFile section */

/* Begin PBXContainerItemProxy section */
		DB76C7951D7DE43500F14AFA /* PBXContainerItemProxy */ = {
			isa = PBXContainerItemProxy;
			containerPortal = DB76C7781D7DE43500F14AFA /* Project object */;
			proxyType = 1;
			remoteGlobalIDString = DB76C77F1D7DE43500F14AFA;
			remoteInfo = "Velocímetro";
		};
		DB76C7A01D7DE43500F14AFA /* PBXContainerItemProxy */ = {
			isa = PBXContainerItemProxy;
			containerPortal = DB76C7781D7DE43500F14AFA /* Project object */;
			proxyType = 1;
			remoteGlobalIDString = DB76C77F1D7DE43500F14AFA;
			remoteInfo = "Velocímetro";
		};
/* End PBXContainerItemProxy section */

/* Begin PBXFileReference section */
		DB76C7801D7DE43500F14AFA /* Velocímetro.app */ = {isa = PBXFileReference; explicitFileType = wrapper.application; includeInIndex = 0; path = "Velocímetro.app"; sourceTree = BUILT_PRODUCTS_DIR; };
		DB76C7831D7DE43500F14AFA /* AppDelegate.swift */ = {isa = PBXFileReference; lastKnownFileType = sourcecode.swift; path = AppDelegate.swift; sourceTree = "<group>"; };
		DB76C7851D7DE43500F14AFA /* ViewController.swift */ = {isa = PBXFileReference; lastKnownFileType = sourcecode.swift; path = ViewController.swift; sourceTree = "<group>"; };
		DB76C7881D7DE43500F14AFA /* Base */ = {isa = PBXFileReference; lastKnownFileType = file.storyboard; name = Base; path = Base.lproj/Main.storyboard; sourceTree = "<group>"; };
		DB76C78A1D7DE43500F14AFA /* Assets.xcassets */ = {isa = PBXFileReference; lastKnownFileType = folder.assetcatalog; path = Assets.xcassets; sourceTree = "<group>"; };
		DB76C78D1D7DE43500F14AFA /* Base */ = {isa = PBXFileReference; lastKnownFileType = file.storyboard; name = Base; path = Base.lproj/LaunchScreen.storyboard; sourceTree = "<group>"; };
		DB76C78F1D7DE43500F14AFA /* Info.plist */ = {isa = PBXFileReference; lastKnownFileType = text.plist.xml; path = Info.plist; sourceTree = "<group>"; };
		DB76C7941D7DE43500F14AFA /* VelocímetroTests.xctest */ = {isa = PBXFileReference; explicitFileType = wrapper.cfbundle; includeInIndex = 0; path = "VelocímetroTests.xctest"; sourceTree = BUILT_PRODUCTS_DIR; };
		DB76C7981D7DE43500F14AFA /* Veloci_metroTests.swift */ = {isa = PBXFileReference; lastKnownFileType = sourcecode.swift; path = Veloci_metroTests.swift; sourceTree = "<group>"; };
		DB76C79A1D7DE43500F14AFA /* Info.plist */ = {isa = PBXFileReference; lastKnownFileType = text.plist.xml; path = Info.plist; sourceTree = "<group>"; };
		DB76C79F1D7DE43500F14AFA /* VelocímetroUITests.xctest */ = {isa = PBXFileReference; explicitFileType = wrapper.cfbundle; includeInIndex = 0; path = "VelocímetroUITests.xctest"; sourceTree = BUILT_PRODUCTS_DIR; };
		DB76C7A31D7DE43500F14AFA /* Veloci_metroUITests.swift */ = {isa = PBXFileReference; lastKnownFileType = sourcecode.swift; path = Veloci_metroUITests.swift; sourceTree = "<group>"; };
		DB76C7A51D7DE43500F14AFA /* Info.plist */ = {isa = PBXFileReference; lastKnownFileType = text.plist.xml; path = Info.plist; sourceTree = "<group>"; };
/* End PBXFileReference section */

/* Begin PBXFrameworksBuildPhase section */
		DB76C77D1D7DE43500F14AFA /* Frameworks */ = {
			isa = PBXFrameworksBuildPhase;
			buildActionMask = 2147483647;
			files = (
			);
			runOnlyForDeploymentPostprocessing = 0;
		};
		DB76C7911D7DE43500F14AFA /* Frameworks */ = {
			isa = PBXFrameworksBuildPhase;
			buildActionMask = 2147483647;
			files = (
			);
			runOnlyForDeploymentPostprocessing = 0;
		};
		DB76C79C1D7DE43500F14AFA /* Frameworks */ = {
			isa = PBXFrameworksBuildPhase;
			buildActionMask = 2147483647;
			files = (
			);
			runOnlyForDeploymentPostprocessing = 0;
		};
/* End PBXFrameworksBuildPhase section */

/* Begin PBXGroup section */
		DB76C7771D7DE43500F14AFA = {
			isa = PBXGroup;
			children = (
				DB76C7821D7DE43500F14AFA /* Velocímetro */,
				DB76C7971D7DE43500F14AFA /* VelocímetroTests */,
				DB76C7A21D7DE43500F14AFA /* VelocímetroUITests */,
				DB76C7811D7DE43500F14AFA /* Products */,
			);
			sourceTree = "<group>";
		};
		DB76C7811D7DE43500F14AFA /* Products */ = {
			isa = PBXGroup;
			children = (
				DB76C7801D7DE43500F14AFA /* Velocímetro.app */,
				DB76C7941D7DE43500F14AFA /* VelocímetroTests.xctest */,
				DB76C79F1D7DE43500F14AFA /* VelocímetroUITests.xctest */,
			);
			name = Products;
			sourceTree = "<group>";
		};
		DB76C7821D7DE43500F14AFA /* Velocímetro */ = {
			isa = PBXGroup;
			children = (
				DB76C7831D7DE43500F14AFA /* AppDelegate.swift */,
				DB76C7851D7DE43500F14AFA /* ViewController.swift */,
				DB76C7871D7DE43500F14AFA /* Main.storyboard */,
				DB76C78A1D7DE43500F14AFA /* Assets.xcassets */,
				DB76C78C1D7DE43500F14AFA /* LaunchScreen.storyboard */,
				DB76C78F1D7DE43500F14AFA /* Info.plist */,
			);
			path = "Velocímetro";
			sourceTree = "<group>";
		};
		DB76C7971D7DE43500F14AFA /* VelocímetroTests */ = {
			isa = PBXGroup;
			children = (
				DB76C7981D7DE43500F14AFA /* Veloci_metroTests.swift */,
				DB76C79A1D7DE43500F14AFA /* Info.plist */,
			);
			path = "VelocímetroTests";
			sourceTree = "<group>";
		};
		DB76C7A21D7DE43500F14AFA /* VelocímetroUITests */ = {
			isa = PBXGroup;
			children = (
				DB76C7A31D7DE43500F14AFA /* Veloci_metroUITests.swift */,
				DB76C7A51D7DE43500F14AFA /* Info.plist */,
			);
			path = "VelocímetroUITests";
			sourceTree = "<group>";
		};
/* End PBXGroup section */

/* Begin PBXNativeTarget section */
		DB76C77F1D7DE43500F14AFA /* Velocímetro */ = {
			isa = PBXNativeTarget;
			buildConfigurationList = DB76C7A81D7DE43500F14AFA /* Build configuration list for PBXNativeTarget "Velocímetro" */;
			buildPhases = (
				DB76C77C1D7DE43500F14AFA /* Sources */,
				DB76C77D1D7DE43500F14AFA /* Frameworks */,
				DB76C77E1D7DE43500F14AFA /* Resources */,
			);
			buildRules = (
			);
			dependencies = (
			);
			name = "Velocímetro";
			productName = "Velocímetro";
			productReference = DB76C7801D7DE43500F14AFA /* Velocímetro.app */;
			productType = "com.apple.product-type.application";
		};
		DB76C7931D7DE43500F14AFA /* VelocímetroTests */ = {
			isa = PBXNativeTarget;
			buildConfigurationList = DB76C7AB1D7DE43500F14AFA /* Build configuration list for PBXNativeTarget "VelocímetroTests" */;
			buildPhases = (
				DB76C7901D7DE43500F14AFA /* Sources */,
				DB76C7911D7DE43500F14AFA /* Frameworks */,
				DB76C7921D7DE43500F14AFA /* Resources */,
			);
			buildRules = (
			);
			dependencies = (
				DB76C7961D7DE43500F14AFA /* PBXTargetDependency */,
			);
			name = "VelocímetroTests";
			productName = "VelocímetroTests";
			productReference = DB76C7941D7DE43500F14AFA /* VelocímetroTests.xctest */;
			productType = "com.apple.product-type.bundle.unit-test";
		};
		DB76C79E1D7DE43500F14AFA /* VelocímetroUITests */ = {
			isa = PBXNativeTarget;
			buildConfigurationList = DB76C7AE1D7DE43500F14AFA /* Build configuration list for PBXNativeTarget "VelocímetroUITests" */;
			buildPhases = (
				DB76C79B1D7DE43500F14AFA /* Sources */,
				DB76C79C1D7DE43500F14AFA /* Frameworks */,
				DB76C79D1D7DE43500F14AFA /* Resources */,
			);
			buildRules = (
			);
			dependencies = (
				DB76C7A11D7DE43500F14AFA /* PBXTargetDependency */,
			);
			name = "VelocímetroUITests";
			productName = "VelocímetroUITests";
			productReference = DB76C79F1D7DE43500F14AFA /* VelocímetroUITests.xctest */;
			productType = "com.apple.product-type.bundle.ui-testing";
		};
/* End PBXNativeTarget section */

/* Begin PBXProject section */
		DB76C7781D7DE43500F14AFA /* Project object */ = {
			isa = PBXProject;
			attributes = {
				LastSwiftUpdateCheck = 0730;
				LastUpgradeCheck = 0730;
				ORGANIZATIONNAME = "Fernando Espinosa Hernández";
				TargetAttributes = {
					DB76C77F1D7DE43500F14AFA = {
						CreatedOnToolsVersion = 7.3.1;
					};
					DB76C7931D7DE43500F14AFA = {
						CreatedOnToolsVersion = 7.3.1;
						TestTargetID = DB76C77F1D7DE43500F14AFA;
					};
					DB76C79E1D7DE43500F14AFA = {
						CreatedOnToolsVersion = 7.3.1;
						TestTargetID = DB76C77F1D7DE43500F14AFA;
					};
				};
			};
			buildConfigurationList = DB76C77B1D7DE43500F14AFA /* Build configuration list for PBXProject "Velocímetro" */;
			compatibilityVersion = "Xcode 3.2";
			developmentRegion = English;
			hasScannedForEncodings = 0;
			knownRegions = (
				en,
				Base,
			);
			mainGroup = DB76C7771D7DE43500F14AFA;
			productRefGroup = DB76C7811D7DE43500F14AFA /* Products */;
			projectDirPath = "";
			projectRoot = "";
			targets = (
				DB76C77F1D7DE43500F14AFA /* Velocímetro */,
				DB76C7931D7DE43500F14AFA /* VelocímetroTests */,
				DB76C79E1D7DE43500F14AFA /* VelocímetroUITests */,
			);
		};
/* End PBXProject section */

/* Begin PBXResourcesBuildPhase section */
		DB76C77E1D7DE43500F14AFA /* Resources */ = {
			isa = PBXResourcesBuildPhase;
			buildActionMask = 2147483647;
			files = (
				DB76C78E1D7DE43500F14AFA /* LaunchScreen.storyboard in Resources */,
				DB76C78B1D7DE43500F14AFA /* Assets.xcassets in Resources */,
				DB76C7891D7DE43500F14AFA /* Main.storyboard in Resources */,
			);
			runOnlyForDeploymentPostprocessing = 0;
		};
		DB76C7921D7DE43500F14AFA /* Resources */ = {
			isa = PBXResourcesBuildPhase;
			buildActionMask = 2147483647;
			files = (
			);
			runOnlyForDeploymentPostprocessing = 0;
		};
		DB76C79D1D7DE43500F14AFA /* Resources */ = {
			isa = PBXResourcesBuildPhase;
			buildActionMask = 2147483647;
			files = (
			);
			runOnlyForDeploymentPostprocessing = 0;
		};
/* End PBXResourcesBuildPhase section */

/* Begin PBXSourcesBuildPhase section */
		DB76C77C1D7DE43500F14AFA /* Sources */ = {
			isa = PBXSourcesBuildPhase;
			buildActionMask = 2147483647;
			files = (
				DB76C7861D7DE43500F14AFA /* ViewController.swift in Sources */,
				DB76C7841D7DE43500F14AFA /* AppDelegate.swift in Sources */,
			);
			runOnlyForDeploymentPostprocessing = 0;
		};
		DB76C7901D7DE43500F14AFA /* Sources */ = {
			isa = PBXSourcesBuildPhase;
			buildActionMask = 2147483647;
			files = (
				DB76C7991D7DE43500F14AFA /* Veloci_metroTests.swift in Sources */,
			);
			runOnlyForDeploymentPostprocessing = 0;
		};
		DB76C79B1D7DE43500F14AFA /* Sources */ = {
			isa = PBXSourcesBuildPhase;
			buildActionMask = 2147483647;
			files = (
				DB76C7A41D7DE43500F14AFA /* Veloci_metroUITests.swift in Sources */,
			);
			runOnlyForDeploymentPostprocessing = 0;
		};
/* End PBXSourcesBuildPhase section */

/* Begin PBXTargetDependency section */
		DB76C7961D7DE43500F14AFA /* PBXTargetDependency */ = {
			isa = PBXTargetDependency;
			target = DB76C77F1D7DE43500F14AFA /* Velocímetro */;
			targetProxy = DB76C7951D7DE43500F14AFA /* PBXContainerItemProxy */;
		};
		DB76C7A11D7DE43500F14AFA /* PBXTargetDependency */ = {
			isa = PBXTargetDependency;
			target = DB76C77F1D7DE43500F14AFA /* Velocímetro */;
			targetProxy = DB76C7A01D7DE43500F14AFA /* PBXContainerItemProxy */;
		};
/* End PBXTargetDependency section */

/* Begin PBXVariantGroup section */
		DB76C7871D7DE43500F14AFA /* Main.storyboard */ = {
			isa = PBXVariantGroup;
			children = (
				DB76C7881D7DE43500F14AFA /* Base */,
			);
			name = Main.storyboard;
			sourceTree = "<group>";
		};
		DB76C78C1D7DE43500F14AFA /* LaunchScreen.storyboard */ = {
			isa = PBXVariantGroup;
			children = (
				DB76C78D1D7DE43500F14AFA /* Base */,
			);
			name = LaunchScreen.storyboard;
			sourceTree = "<group>";
		};
/* End PBXVariantGroup section */

/* Begin XCBuildConfiguration section */
		DB76C7A61D7DE43500F14AFA /* Debug */ = {
			isa = XCBuildConfiguration;
			buildSettings = {
				ALWAYS_SEARCH_USER_PATHS = NO;
				CLANG_ANALYZER_NONNULL = YES;
				CLANG_CXX_LANGUAGE_STANDARD = "gnu++0x";
				CLANG_CXX_LIBRARY = "libc++";
				CLANG_ENABLE_MODULES = YES;
				CLANG_ENABLE_OBJC_ARC = YES;
				CLANG_WARN_BOOL_CONVERSION = YES;
				CLANG_WARN_CONSTANT_CONVERSION = YES;
				CLANG_WARN_DIRECT_OBJC_ISA_USAGE = YES_ERROR;
				CLANG_WARN_EMPTY_BODY = YES;
				CLANG_WARN_ENUM_CONVERSION = YES;
				CLANG_WARN_INT_CONVERSION = YES;
				CLANG_WARN_OBJC_ROOT_CLASS = YES_ERROR;
				CLANG_WARN_UNREACHABLE_CODE = YES;
				CLANG_WARN__DUPLICATE_METHOD_MATCH = YES;
				"CODE_SIGN_IDENTITY[sdk=iphoneos*]" = "iPhone Developer";
				COPY_PHASE_STRIP = NO;
				DEBUG_INFORMATION_FORMAT = dwarf;
				ENABLE_STRICT_OBJC_MSGSEND = YES;
				ENABLE_TESTABILITY = YES;
				GCC_C_LANGUAGE_STANDARD = gnu99;
				GCC_DYNAMIC_NO_PIC = NO;
				GCC_NO_COMMON_BLOCKS = YES;
				GCC_OPTIMIZATION_LEVEL = 0;
				GCC_PREPROCESSOR_DEFINITIONS = (
					"DEBUG=1",
					"$(inherited)",
				);
				GCC_WARN_64_TO_32_BIT_CONVERSION = YES;
				GCC_WARN_ABOUT_RETURN_TYPE = YES_ERROR;
				GCC_WARN_UNDECLARED_SELECTOR = YES;
				GCC_WARN_UNINITIALIZED_AUTOS = YES_AGGRESSIVE;
				GCC_WARN_UNUSED_FUNCTION = YES;
				GCC_WARN_UNUSED_VARIABLE = YES;
				IPHONEOS_DEPLOYMENT_TARGET = 9.3;
				MTL_ENABLE_DEBUG_INFO = YES;
				ONLY_ACTIVE_ARCH = YES;
				SDKROOT = iphoneos;
				SWIFT_OPTIMIZATION_LEVEL = "-Onone";
				TARGETED_DEVICE_FAMILY = "1,2";
			};
			name = Debug;
		};
		DB76C7A71D7DE43500F14AFA /* Release */ = {
			isa = XCBuildConfiguration;
			buildSettings = {
				ALWAYS_SEARCH_USER_PATHS = NO;
				CLANG_ANALYZER_NONNULL = YES;
				CLANG_CXX_LANGUAGE_STANDARD = "gnu++0x";
				CLANG_CXX_LIBRARY = "libc++";
				CLANG_ENABLE_MODULES = YES;
				CLANG_ENABLE_OBJC_ARC = YES;
				CLANG_WARN_BOOL_CONVERSION = YES;
				CLANG_WARN_CONSTANT_CONVERSION = YES;
				CLANG_WARN_DIRECT_OBJC_ISA_USAGE = YES_ERROR;
				CLANG_WARN_EMPTY_BODY = YES;
				CLANG_WARN_ENUM_CONVERSION = YES;
				CLANG_WARN_INT_CONVERSION = YES;
				CLANG_WARN_OBJC_ROOT_CLASS = YES_ERROR;
				CLANG_WARN_UNREACHABLE_CODE = YES;
				CLANG_WARN__DUPLICATE_METHOD_MATCH = YES;
				"CODE_SIGN_IDENTITY[sdk=iphoneos*]" = "iPhone Developer";
				COPY_PHASE_STRIP = NO;
				DEBUG_INFORMATION_FORMAT = "dwarf-with-dsym";
				ENABLE_NS_ASSERTIONS = NO;
				ENABLE_STRICT_OBJC_MSGSEND = YES;
				GCC_C_LANGUAGE_STANDARD = gnu99;
				GCC_NO_COMMON_BLOCKS = YES;
				GCC_WARN_64_TO_32_BIT_CONVERSION = YES;
				GCC_WARN_ABOUT_RETURN_TYPE = YES_ERROR;
				GCC_WARN_UNDECLARED_SELECTOR = YES;
				GCC_WARN_UNINITIALIZED_AUTOS = YES_AGGRESSIVE;
				GCC_WARN_UNUSED_FUNCTION = YES;
				GCC_WARN_UNUSED_VARIABLE = YES;
				IPHONEOS_DEPLOYMENT_TARGET = 9.3;
				MTL_ENABLE_DEBUG_INFO = NO;
				SDKROOT = iphoneos;
				TARGETED_DEVICE_FAMILY = "1,2";
				VALIDATE_PRODUCT = YES;
			};
			name = Release;
		};
		DB76C7A91D7DE43500F14AFA /* Debug */ = {
			isa = XCBuildConfiguration;
			buildSettings = {
				ASSETCATALOG_COMPILER_APPICON_NAME = AppIcon;
				INFOPLIST_FILE = "Velocímetro/Info.plist";
				LD_RUNPATH_SEARCH_PATHS = "$(inherited) @executable_path/Frameworks";
				PRODUCT_BUNDLE_IDENTIFIER = "ferdyeh.Veloci-metro";
				PRODUCT_NAME = "$(TARGET_NAME)";
			};
			name = Debug;
		};
		DB76C7AA1D7DE43500F14AFA /* Release */ = {
			isa = XCBuildConfiguration;
			buildSettings = {
				ASSETCATALOG_COMPILER_APPICON_NAME = AppIcon;
				INFOPLIST_FILE = "Velocímetro/Info.plist";
				LD_RUNPATH_SEARCH_PATHS = "$(inherited) @executable_path/Frameworks";
				PRODUCT_BUNDLE_IDENTIFIER = "ferdyeh.Veloci-metro";
				PRODUCT_NAME = "$(TARGET_NAME)";
			};
			name = Release;
		};
		DB76C7AC1D7DE43500F14AFA /* Debug */ = {
			isa = XCBuildConfiguration;
			buildSettings = {
				BUNDLE_LOADER = "$(TEST_HOST)";
				INFOPLIST_FILE = "VelocímetroTests/Info.plist";
				LD_RUNPATH_SEARCH_PATHS = "$(inherited) @executable_path/Frameworks @loader_path/Frameworks";
				PRODUCT_BUNDLE_IDENTIFIER = "ferdyeh.Veloci-metroTests";
				PRODUCT_NAME = "$(TARGET_NAME)";
				TEST_HOST = "$(BUILT_PRODUCTS_DIR)/Velocímetro.app/Velocímetro";
			};
			name = Debug;
		};
		DB76C7AD1D7DE43500F14AFA /* Release */ = {
			isa = XCBuildConfiguration;
			buildSettings = {
				BUNDLE_LOADER = "$(TEST_HOST)";
				INFOPLIST_FILE = "VelocímetroTests/Info.plist";
				LD_RUNPATH_SEARCH_PATHS = "$(inherited) @executable_path/Frameworks @loader_path/Frameworks";
				PRODUCT_BUNDLE_IDENTIFIER = "ferdyeh.Veloci-metroTests";
				PRODUCT_NAME = "$(TARGET_NAME)";
				TEST_HOST = "$(BUILT_PRODUCTS_DIR)/Velocímetro.app/Velocímetro";
			};
			name = Release;
		};
		DB76C7AF1D7DE43500F14AFA /* Debug */ = {
			isa = XCBuildConfiguration;
			buildSettings = {
				INFOPLIST_FILE = "VelocímetroUITests/Info.plist";
				LD_RUNPATH_SEARCH_PATHS = "$(inherited) @executable_path/Frameworks @loader_path/Frameworks";
				PRODUCT_BUNDLE_IDENTIFIER = "ferdyeh.Veloci-metroUITests";
				PRODUCT_NAME = "$(TARGET_NAME)";
				TEST_TARGET_NAME = "Velocímetro";
			};
			name = Debug;
		};
		DB76C7B01D7DE43500F14AFA /* Release */ = {
			isa = XCBuildConfiguration;
			buildSettings = {
				INFOPLIST_FILE = "VelocímetroUITests/Info.plist";
				LD_RUNPATH_SEARCH_PATHS = "$(inherited) @executable_path/Frameworks @loader_path/Frameworks";
				PRODUCT_BUNDLE_IDENTIFIER = "ferdyeh.Veloci-metroUITests";
				PRODUCT_NAME = "$(TARGET_NAME)";
				TEST_TARGET_NAME = "Velocímetro";
			};
			name = Release;
		};
/* End XCBuildConfiguration section */

/* Begin XCConfigurationList section */
		DB76C77B1D7DE43500F14AFA /* Build configuration list for PBXProject "Velocímetro" */ = {
			isa = XCConfigurationList;
			buildConfigurations = (
				DB76C7A61D7DE43500F14AFA /* Debug */,
				DB76C7A71D7DE43500F14AFA /* Release */,
			);
			defaultConfigurationIsVisible = 0;
			defaultConfigurationName = Release;
		};
		DB76C7A81D7DE43500F14AFA /* Build configuration list for PBXNativeTarget "Velocímetro" */ = {
			isa = XCConfigurationList;
			buildConfigurations = (
				DB76C7A91D7DE43500F14AFA /* Debug */,
				DB76C7AA1D7DE43500F14AFA /* Release */,
			);
			defaultConfigurationIsVisible = 0;
		};
		DB76C7AB1D7DE43500F14AFA /* Build configuration list for PBXNativeTarget "VelocímetroTests" */ = {
			isa = XCConfigurationList;
			buildConfigurations = (
				DB76C7AC1D7DE43500F14AFA /* Debug */,
				DB76C7AD1D7DE43500F14AFA /* Release */,
			);
			defaultConfigurationIsVisible = 0;
		};
		DB76C7AE1D7DE43500F14AFA /* Build configuration list for PBXNativeTarget "VelocímetroUITests" */ = {
			isa = XCConfigurationList;
			buildConfigurations = (
				DB76C7AF1D7DE43500F14AFA /* Debug */,
				DB76C7B01D7DE43500F14AFA /* Release */,
			);
			defaultConfigurationIsVisible = 0;
		};
/* End XCConfigurationList section */
	};
	rootObject = DB76C7781D7DE43500F14AFA /* Project object */;
}
